
Microsoft Visual Studio Solution File, Format Version 12.00
# Visual Studio Version 17
VisualStudioVersion = 17.1.32421.90
MinimumVisualStudioVersion = 10.0.40219.1
Project("{9A19103F-16F7-4668-BE54-9A1E7A4F7556}") = "Beta.OrderService.Domain", "Beta.OrderService.Domain\Beta.OrderService.Domain.csproj", "{817901C3-B5C4-4114-88CC-8C5CB1369957}"
EndProject
Project("{FAE04EC0-301F-11D3-BF4B-00C04F79EFBC}") = "Beta.OrderService.Infrastructure", "Beta.OrderService.Infrastructure\Beta.OrderService.Infrastructure.csproj", "{57E0A991-B7F9-4C38-BB5A-412428589308}"
EndProject
Project("{FAE04EC0-301F-11D3-BF4B-00C04F79EFBC}") = "Beta.OrderService.Application", "Beta.OrderService.Application\Beta.OrderService.Application.csproj", "{ACED4800-F0C5-40C4-836A-CAB2D06D25C7}"
EndProject
Global
	GlobalSection(SolutionConfigurationPlatforms) = preSolution
		Debug|Any CPU = Debug|Any CPU
		Release|Any CPU = Release|Any CPU
	EndGlobalSection
	GlobalSection(ProjectConfigurationPlatforms) = postSolution
		{817901C3-B5C4-4114-88CC-8C5CB1369957}.Debug|Any CPU.ActiveCfg = Debug|Any CPU
		{817901C3-B5C4-4114-88CC-8C5CB1369957}.Debug|Any CPU.Build.0 = Debug|Any CPU
		{817901C3-B5C4-4114-88CC-8C5CB1369957}.Release|Any CPU.ActiveCfg = Release|Any CPU
		{817901C3-B5C4-4114-88CC-8C5CB1369957}.Release|Any CPU.Build.0 = Release|Any CPU
		{57E0A991-B7F9-4C38-BB5A-412428589308}.Debug|Any CPU.ActiveCfg = Debug|Any CPU
		{57E0A991-B7F9-4C38-BB5A-412428589308}.Debug|Any CPU.Build.0 = Debug|Any CPU
		{57E0A991-B7F9-4C38-BB5A-412428589308}.Release|Any CPU.ActiveCfg = Release|Any CPU
		{57E0A991-B7F9-4C38-BB5A-412428589308}.Release|Any CPU.Build.0 = Release|Any CPU
		{ACED4800-F0C5-40C4-836A-CAB2D06D25C7}.Debug|Any CPU.ActiveCfg = Debug|Any CPU
		{ACED4800-F0C5-40C4-836A-CAB2D06D25C7}.Debug|Any CPU.Build.0 = Debug|Any CPU
		{ACED4800-F0C5-40C4-836A-CAB2D06D25C7}.Release|Any CPU.ActiveCfg = Release|Any CPU
		{ACED4800-F0C5-40C4-836A-CAB2D06D25C7}.Release|Any CPU.Build.0 = Release|Any CPU
	EndGlobalSection
	GlobalSection(SolutionProperties) = preSolution
		HideSolutionNode = FALSE
	EndGlobalSection
	GlobalSection(ExtensibilityGlobals) = postSolution
		SolutionGuid = {A6149F1A-6ED2-46E7-B3D8-164B544A7EFF}
	EndGlobalSection
EndGlobal
